// !$*UTF8*$!
{
	archiveVersion = 1;
	classes = {
	};
	objectVersion = 46;
	objects = {

/* Begin PBXBuildFile section */
		1D2E1DB418CD7D7B008328BA /* HKSecondViewController.m in Sources */ = {isa = PBXBuildFile; fileRef = 1D2E1DB318CD7D7B008328BA /* HKSecondViewController.m */; };
		1DAA0612189DC66E006C69C3 /* Foundation.framework in Frameworks */ = {isa = PBXBuildFile; fileRef = 1DAA0611189DC66E006C69C3 /* Foundation.framework */; };
		1DAA0614189DC66E006C69C3 /* CoreGraphics.framework in Frameworks */ = {isa = PBXBuildFile; fileRef = 1DAA0613189DC66E006C69C3 /* CoreGraphics.framework */; };
		1DAA0616189DC66E006C69C3 /* UIKit.framework in Frameworks */ = {isa = PBXBuildFile; fileRef = 1DAA0615189DC66E006C69C3 /* UIKit.framework */; };
		1DAA061C189DC66E006C69C3 /* InfoPlist.strings in Resources */ = {isa = PBXBuildFile; fileRef = 1DAA061A189DC66E006C69C3 /* InfoPlist.strings */; };
		1DAA061E189DC66E006C69C3 /* main.m in Sources */ = {isa = PBXBuildFile; fileRef = 1DAA061D189DC66E006C69C3 /* main.m */; };
		1DAA0622189DC66E006C69C3 /* HKAppDelegate.m in Sources */ = {isa = PBXBuildFile; fileRef = 1DAA0621189DC66E006C69C3 /* HKAppDelegate.m */; };
		1DAA0625189DC66E006C69C3 /* Main_iPhone.storyboard in Resources */ = {isa = PBXBuildFile; fileRef = 1DAA0623189DC66E006C69C3 /* Main_iPhone.storyboard */; };
		1DAA0628189DC66E006C69C3 /* Main_iPad.storyboard in Resources */ = {isa = PBXBuildFile; fileRef = 1DAA0626189DC66E006C69C3 /* Main_iPad.storyboard */; };
		1DAA062B189DC66E006C69C3 /* HKViewController.m in Sources */ = {isa = PBXBuildFile; fileRef = 1DAA062A189DC66E006C69C3 /* HKViewController.m */; };
		1DAA062D189DC66E006C69C3 /* Images.xcassets in Resources */ = {isa = PBXBuildFile; fileRef = 1DAA062C189DC66E006C69C3 /* Images.xcassets */; };
		1DAA0634189DC66E006C69C3 /* XCTest.framework in Frameworks */ = {isa = PBXBuildFile; fileRef = 1DAA0633189DC66E006C69C3 /* XCTest.framework */; };
		1DAA0635189DC66E006C69C3 /* Foundation.framework in Frameworks */ = {isa = PBXBuildFile; fileRef = 1DAA0611189DC66E006C69C3 /* Foundation.framework */; };
		1DAA0636189DC66E006C69C3 /* UIKit.framework in Frameworks */ = {isa = PBXBuildFile; fileRef = 1DAA0615189DC66E006C69C3 /* UIKit.framework */; };
		1DAA063E189DC66E006C69C3 /* InfoPlist.strings in Resources */ = {isa = PBXBuildFile; fileRef = 1DAA063C189DC66E006C69C3 /* InfoPlist.strings */; };
		1DAA0640189DC66E006C69C3 /* DemoTests.m in Sources */ = {isa = PBXBuildFile; fileRef = 1DAA063F189DC66E006C69C3 /* DemoTests.m */; };
		1DAA0658189E3779006C69C3 /* HKCGPointTests.m in Sources */ = {isa = PBXBuildFile; fileRef = 1DAA0657189E3779006C69C3 /* HKCGPointTests.m */; };
		1FC4877B483C4E7EBD799D28 /* libPods.a in Frameworks */ = {isa = PBXBuildFile; fileRef = C31492CD858C479D84A28B16 /* libPods.a */; };
		64C5715566CF4AF4B2F7CDD6 /* libPods.a in Frameworks */ = {isa = PBXBuildFile; fileRef = C31492CD858C479D84A28B16 /* libPods.a */; };
/* End PBXBuildFile section */

/* Begin PBXContainerItemProxy section */
		1DAA0637189DC66E006C69C3 /* PBXContainerItemProxy */ = {
			isa = PBXContainerItemProxy;
			containerPortal = 1DAA0606189DC66E006C69C3 /* Project object */;
			proxyType = 1;
			remoteGlobalIDString = 1DAA060D189DC66E006C69C3;
			remoteInfo = Demo;
		};
/* End PBXContainerItemProxy section */

/* Begin PBXFileReference section */
		1D2E1DB218CD7D7B008328BA /* HKSecondViewController.h */ = {isa = PBXFileReference; fileEncoding = 4; lastKnownFileType = sourcecode.c.h; path = HKSecondViewController.h; sourceTree = "<group>"; };
		1D2E1DB318CD7D7B008328BA /* HKSecondViewController.m */ = {isa = PBXFileReference; fileEncoding = 4; lastKnownFileType = sourcecode.c.objc; path = HKSecondViewController.m; sourceTree = "<group>"; };
		1DAA060E189DC66E006C69C3 /* Demo.app */ = {isa = PBXFileReference; explicitFileType = wrapper.application; includeInIndex = 0; path = Demo.app; sourceTree = BUILT_PRODUCTS_DIR; };
		1DAA0611189DC66E006C69C3 /* Foundation.framework */ = {isa = PBXFileReference; lastKnownFileType = wrapper.framework; name = Foundation.framework; path = System/Library/Frameworks/Foundation.framework; sourceTree = SDKROOT; };
		1DAA0613189DC66E006C69C3 /* CoreGraphics.framework */ = {isa = PBXFileReference; lastKnownFileType = wrapper.framework; name = CoreGraphics.framework; path = System/Library/Frameworks/CoreGraphics.framework; sourceTree = SDKROOT; };
		1DAA0615189DC66E006C69C3 /* UIKit.framework */ = {isa = PBXFileReference; lastKnownFileType = wrapper.framework; name = UIKit.framework; path = System/Library/Frameworks/UIKit.framework; sourceTree = SDKROOT; };
		1DAA0619189DC66E006C69C3 /* Demo-Info.plist */ = {isa = PBXFileReference; lastKnownFileType = text.plist.xml; path = "Demo-Info.plist"; sourceTree = "<group>"; };
		1DAA061B189DC66E006C69C3 /* en */ = {isa = PBXFileReference; lastKnownFileType = text.plist.strings; name = en; path = en.lproj/InfoPlist.strings; sourceTree = "<group>"; };
		1DAA061D189DC66E006C69C3 /* main.m */ = {isa = PBXFileReference; lastKnownFileType = sourcecode.c.objc; path = main.m; sourceTree = "<group>"; };
		1DAA061F189DC66E006C69C3 /* Demo-Prefix.pch */ = {isa = PBXFileReference; lastKnownFileType = sourcecode.c.h; path = "Demo-Prefix.pch"; sourceTree = "<group>"; };
		1DAA0620189DC66E006C69C3 /* HKAppDelegate.h */ = {isa = PBXFileReference; lastKnownFileType = sourcecode.c.h; path = HKAppDelegate.h; sourceTree = "<group>"; };
		1DAA0621189DC66E006C69C3 /* HKAppDelegate.m */ = {isa = PBXFileReference; lastKnownFileType = sourcecode.c.objc; path = HKAppDelegate.m; sourceTree = "<group>"; };
		1DAA0624189DC66E006C69C3 /* Base */ = {isa = PBXFileReference; lastKnownFileType = file.storyboard; name = Base; path = Base.lproj/Main_iPhone.storyboard; sourceTree = "<group>"; };
		1DAA0627189DC66E006C69C3 /* Base */ = {isa = PBXFileReference; lastKnownFileType = file.storyboard; name = Base; path = Base.lproj/Main_iPad.storyboard; sourceTree = "<group>"; };
		1DAA0629189DC66E006C69C3 /* HKViewController.h */ = {isa = PBXFileReference; lastKnownFileType = sourcecode.c.h; path = HKViewController.h; sourceTree = "<group>"; };
		1DAA062A189DC66E006C69C3 /* HKViewController.m */ = {isa = PBXFileReference; lastKnownFileType = sourcecode.c.objc; path = HKViewController.m; sourceTree = "<group>"; };
		1DAA062C189DC66E006C69C3 /* Images.xcassets */ = {isa = PBXFileReference; lastKnownFileType = folder.assetcatalog; path = Images.xcassets; sourceTree = "<group>"; };
		1DAA0632189DC66E006C69C3 /* DemoTests.xctest */ = {isa = PBXFileReference; explicitFileType = wrapper.cfbundle; includeInIndex = 0; path = DemoTests.xctest; sourceTree = BUILT_PRODUCTS_DIR; };
		1DAA0633189DC66E006C69C3 /* XCTest.framework */ = {isa = PBXFileReference; lastKnownFileType = wrapper.framework; name = XCTest.framework; path = Library/Frameworks/XCTest.framework; sourceTree = DEVELOPER_DIR; };
		1DAA063B189DC66E006C69C3 /* DemoTests-Info.plist */ = {isa = PBXFileReference; lastKnownFileType = text.plist.xml; path = "DemoTests-Info.plist"; sourceTree = "<group>"; };
		1DAA063D189DC66E006C69C3 /* en */ = {isa = PBXFileReference; lastKnownFileType = text.plist.strings; name = en; path = en.lproj/InfoPlist.strings; sourceTree = "<group>"; };
		1DAA063F189DC66E006C69C3 /* DemoTests.m */ = {isa = PBXFileReference; lastKnownFileType = sourcecode.c.objc; path = DemoTests.m; sourceTree = "<group>"; };
		1DAA0657189E3779006C69C3 /* HKCGPointTests.m */ = {isa = PBXFileReference; fileEncoding = 4; lastKnownFileType = sourcecode.c.objc; path = HKCGPointTests.m; sourceTree = "<group>"; };
		71DB4B3B8B40439E8DA28B20 /* Pods.xcconfig */ = {isa = PBXFileReference; includeInIndex = 1; lastKnownFileType = text.xcconfig; name = Pods.xcconfig; path = Pods/Pods.xcconfig; sourceTree = "<group>"; };
		C31492CD858C479D84A28B16 /* libPods.a */ = {isa = PBXFileReference; explicitFileType = archive.ar; includeInIndex = 0; path = libPods.a; sourceTree = BUILT_PRODUCTS_DIR; };
/* End PBXFileReference section */

/* Begin PBXFrameworksBuildPhase section */
		1DAA060B189DC66E006C69C3 /* Frameworks */ = {
			isa = PBXFrameworksBuildPhase;
			buildActionMask = 2147483647;
			files = (
				1DAA0614189DC66E006C69C3 /* CoreGraphics.framework in Frameworks */,
				1DAA0616189DC66E006C69C3 /* UIKit.framework in Frameworks */,
				1DAA0612189DC66E006C69C3 /* Foundation.framework in Frameworks */,
				1FC4877B483C4E7EBD799D28 /* libPods.a in Frameworks */,
			);
			runOnlyForDeploymentPostprocessing = 0;
		};
		1DAA062F189DC66E006C69C3 /* Frameworks */ = {
			isa = PBXFrameworksBuildPhase;
			buildActionMask = 2147483647;
			files = (
				1DAA0634189DC66E006C69C3 /* XCTest.framework in Frameworks */,
				1DAA0636189DC66E006C69C3 /* UIKit.framework in Frameworks */,
				1DAA0635189DC66E006C69C3 /* Foundation.framework in Frameworks */,
				64C5715566CF4AF4B2F7CDD6 /* libPods.a in Frameworks */,
			);
			runOnlyForDeploymentPostprocessing = 0;
		};
/* End PBXFrameworksBuildPhase section */

/* Begin PBXGroup section */
		1DAA0605189DC66E006C69C3 = {
			isa = PBXGroup;
			children = (
				1DAA0617189DC66E006C69C3 /* Demo */,
				1DAA0639189DC66E006C69C3 /* DemoTests */,
				1DAA0610189DC66E006C69C3 /* Frameworks */,
				1DAA060F189DC66E006C69C3 /* Products */,
				71DB4B3B8B40439E8DA28B20 /* Pods.xcconfig */,
			);
			sourceTree = "<group>";
		};
		1DAA060F189DC66E006C69C3 /* Products */ = {
			isa = PBXGroup;
			children = (
				1DAA060E189DC66E006C69C3 /* Demo.app */,
				1DAA0632189DC66E006C69C3 /* DemoTests.xctest */,
			);
			name = Products;
			sourceTree = "<group>";
		};
		1DAA0610189DC66E006C69C3 /* Frameworks */ = {
			isa = PBXGroup;
			children = (
				1DAA0611189DC66E006C69C3 /* Foundation.framework */,
				1DAA0613189DC66E006C69C3 /* CoreGraphics.framework */,
				1DAA0615189DC66E006C69C3 /* UIKit.framework */,
				1DAA0633189DC66E006C69C3 /* XCTest.framework */,
				C31492CD858C479D84A28B16 /* libPods.a */,
			);
			name = Frameworks;
			sourceTree = "<group>";
		};
		1DAA0617189DC66E006C69C3 /* Demo */ = {
			isa = PBXGroup;
			children = (
				1DAA0620189DC66E006C69C3 /* HKAppDelegate.h */,
				1DAA0621189DC66E006C69C3 /* HKAppDelegate.m */,
				1DAA0623189DC66E006C69C3 /* Main_iPhone.storyboard */,
				1DAA0626189DC66E006C69C3 /* Main_iPad.storyboard */,
				1DAA0629189DC66E006C69C3 /* HKViewController.h */,
				1DAA062A189DC66E006C69C3 /* HKViewController.m */,
				1DAA062C189DC66E006C69C3 /* Images.xcassets */,
				1DAA0618189DC66E006C69C3 /* Supporting Files */,
				1D2E1DB218CD7D7B008328BA /* HKSecondViewController.h */,
				1D2E1DB318CD7D7B008328BA /* HKSecondViewController.m */,
			);
			path = Demo;
			sourceTree = "<group>";
		};
		1DAA0618189DC66E006C69C3 /* Supporting Files */ = {
			isa = PBXGroup;
			children = (
				1DAA0619189DC66E006C69C3 /* Demo-Info.plist */,
				1DAA061A189DC66E006C69C3 /* InfoPlist.strings */,
				1DAA061D189DC66E006C69C3 /* main.m */,
				1DAA061F189DC66E006C69C3 /* Demo-Prefix.pch */,
			);
			name = "Supporting Files";
			sourceTree = "<group>";
		};
		1DAA0639189DC66E006C69C3 /* DemoTests */ = {
			isa = PBXGroup;
			children = (
				1DAA063F189DC66E006C69C3 /* DemoTests.m */,
				1DAA0657189E3779006C69C3 /* HKCGPointTests.m */,
				1DAA063A189DC66E006C69C3 /* Supporting Files */,
			);
			path = DemoTests;
			sourceTree = "<group>";
		};
		1DAA063A189DC66E006C69C3 /* Supporting Files */ = {
			isa = PBXGroup;
			children = (
				1DAA063B189DC66E006C69C3 /* DemoTests-Info.plist */,
				1DAA063C189DC66E006C69C3 /* InfoPlist.strings */,
			);
			name = "Supporting Files";
			sourceTree = "<group>";
		};
/* End PBXGroup section */

/* Begin PBXNativeTarget section */
		1DAA060D189DC66E006C69C3 /* Demo */ = {
			isa = PBXNativeTarget;
			buildConfigurationList = 1DAA0643189DC66E006C69C3 /* Build configuration list for PBXNativeTarget "Demo" */;
			buildPhases = (
				C94BA15434994E0FBBE27D28 /* Check Pods Manifest.lock */,
				1DAA060A189DC66E006C69C3 /* Sources */,
				1DAA060B189DC66E006C69C3 /* Frameworks */,
				1DAA060C189DC66E006C69C3 /* Resources */,
				1A65B7C3C15B435E96B663E0 /* Copy Pods Resources */,
			);
			buildRules = (
			);
			dependencies = (
			);
			name = Demo;
			productName = Demo;
			productReference = 1DAA060E189DC66E006C69C3 /* Demo.app */;
			productType = "com.apple.product-type.application";
		};
		1DAA0631189DC66E006C69C3 /* DemoTests */ = {
			isa = PBXNativeTarget;
			buildConfigurationList = 1DAA0646189DC66E006C69C3 /* Build configuration list for PBXNativeTarget "DemoTests" */;
			buildPhases = (
				68D940AA6E8849868CCFD849 /* Check Pods Manifest.lock */,
				1DAA062E189DC66E006C69C3 /* Sources */,
				1DAA062F189DC66E006C69C3 /* Frameworks */,
				1DAA0630189DC66E006C69C3 /* Resources */,
				D5E47F05F5174EBBBC4AA31C /* Copy Pods Resources */,
			);
			buildRules = (
			);
			dependencies = (
				1DAA0638189DC66E006C69C3 /* PBXTargetDependency */,
			);
			name = DemoTests;
			productName = DemoTests;
			productReference = 1DAA0632189DC66E006C69C3 /* DemoTests.xctest */;
			productType = "com.apple.product-type.bundle.unit-test";
		};
/* End PBXNativeTarget section */

/* Begin PBXProject section */
		1DAA0606189DC66E006C69C3 /* Project object */ = {
			isa = PBXProject;
			attributes = {
				CLASSPREFIX = HK;
				LastUpgradeCheck = 0500;
				ORGANIZATIONNAME = Panos;
				TargetAttributes = {
					1DAA0631189DC66E006C69C3 = {
						TestTargetID = 1DAA060D189DC66E006C69C3;
					};
				};
			};
			buildConfigurationList = 1DAA0609189DC66E006C69C3 /* Build configuration list for PBXProject "Demo" */;
			compatibilityVersion = "Xcode 3.2";
			developmentRegion = English;
			hasScannedForEncodings = 0;
			knownRegions = (
				en,
				Base,
			);
			mainGroup = 1DAA0605189DC66E006C69C3;
			productRefGroup = 1DAA060F189DC66E006C69C3 /* Products */;
			projectDirPath = "";
			projectRoot = "";
			targets = (
				1DAA060D189DC66E006C69C3 /* Demo */,
				1DAA0631189DC66E006C69C3 /* DemoTests */,
			);
		};
/* End PBXProject section */

/* Begin PBXResourcesBuildPhase section */
		1DAA060C189DC66E006C69C3 /* Resources */ = {
			isa = PBXResourcesBuildPhase;
			buildActionMask = 2147483647;
			files = (
				1DAA0628189DC66E006C69C3 /* Main_iPad.storyboard in Resources */,
				1DAA062D189DC66E006C69C3 /* Images.xcassets in Resources */,
				1DAA0625189DC66E006C69C3 /* Main_iPhone.storyboard in Resources */,
				1DAA061C189DC66E006C69C3 /* InfoPlist.strings in Resources */,
			);
			runOnlyForDeploymentPostprocessing = 0;
		};
		1DAA0630189DC66E006C69C3 /* Resources */ = {
			isa = PBXResourcesBuildPhase;
			buildActionMask = 2147483647;
			files = (
				1DAA063E189DC66E006C69C3 /* InfoPlist.strings in Resources */,
			);
			runOnlyForDeploymentPostprocessing = 0;
		};
/* End PBXResourcesBuildPhase section */

/* Begin PBXShellScriptBuildPhase section */
		1A65B7C3C15B435E96B663E0 /* Copy Pods Resources */ = {
			isa = PBXShellScriptBuildPhase;
			buildActionMask = 2147483647;
			files = (
			);
			inputPaths = (
			);
			name = "Copy Pods Resources";
			outputPaths = (
			);
			runOnlyForDeploymentPostprocessing = 0;
			shellPath = /bin/sh;
			shellScript = "\"${SRCROOT}/Pods/Pods-resources.sh\"\n";
			showEnvVarsInLog = 0;
		};
		68D940AA6E8849868CCFD849 /* Check Pods Manifest.lock */ = {
			isa = PBXShellScriptBuildPhase;
			buildActionMask = 2147483647;
			files = (
			);
			inputPaths = (
			);
			name = "Check Pods Manifest.lock";
			outputPaths = (
			);
			runOnlyForDeploymentPostprocessing = 0;
			shellPath = /bin/sh;
			shellScript = "diff \"${PODS_ROOT}/../Podfile.lock\" \"${PODS_ROOT}/Manifest.lock\" > /dev/null\nif [[ $? != 0 ]] ; then\n    cat << EOM\nerror: The sandbox is not in sync with the Podfile.lock. Run 'pod install' or update your CocoaPods installation.\nEOM\n    exit 1\nfi\n";
			showEnvVarsInLog = 0;
		};
		C94BA15434994E0FBBE27D28 /* Check Pods Manifest.lock */ = {
			isa = PBXShellScriptBuildPhase;
			buildActionMask = 2147483647;
			files = (
			);
			inputPaths = (
			);
			name = "Check Pods Manifest.lock";
			outputPaths = (
			);
			runOnlyForDeploymentPostprocessing = 0;
			shellPath = /bin/sh;
			shellScript = "diff \"${PODS_ROOT}/../Podfile.lock\" \"${PODS_ROOT}/Manifest.lock\" > /dev/null\nif [[ $? != 0 ]] ; then\n    cat << EOM\nerror: The sandbox is not in sync with the Podfile.lock. Run 'pod install' or update your CocoaPods installation.\nEOM\n    exit 1\nfi\n";
			showEnvVarsInLog = 0;
		};
		D5E47F05F5174EBBBC4AA31C /* Copy Pods Resources */ = {
			isa = PBXShellScriptBuildPhase;
			buildActionMask = 2147483647;
			files = (
			);
			inputPaths = (
			);
			name = "Copy Pods Resources";
			outputPaths = (
			);
			runOnlyForDeploymentPostprocessing = 0;
			shellPath = /bin/sh;
			shellScript = "\"${SRCROOT}/Pods/Pods-resources.sh\"\n";
			showEnvVarsInLog = 0;
		};
/* End PBXShellScriptBuildPhase section */

/* Begin PBXSourcesBuildPhase section */
		1DAA060A189DC66E006C69C3 /* Sources */ = {
			isa = PBXSourcesBuildPhase;
			buildActionMask = 2147483647;
			files = (
				1DAA062B189DC66E006C69C3 /* HKViewController.m in Sources */,
				1D2E1DB418CD7D7B008328BA /* HKSecondViewController.m in Sources */,
				1DAA061E189DC66E006C69C3 /* main.m in Sources */,
				1DAA0622189DC66E006C69C3 /* HKAppDelegate.m in Sources */,
			);
			runOnlyForDeploymentPostprocessing = 0;
		};
		1DAA062E189DC66E006C69C3 /* Sources */ = {
			isa = PBXSourcesBuildPhase;
			buildActionMask = 2147483647;
			files = (
				1DAA0640189DC66E006C69C3 /* DemoTests.m in Sources */,
				1DAA0658189E3779006C69C3 /* HKCGPointTests.m in Sources */,
			);
			runOnlyForDeploymentPostprocessing = 0;
		};
/* End PBXSourcesBuildPhase section */

/* Begin PBXTargetDependency section */
		1DAA0638189DC66E006C69C3 /* PBXTargetDependency */ = {
			isa = PBXTargetDependency;
			target = 1DAA060D189DC66E006C69C3 /* Demo */;
			targetProxy = 1DAA0637189DC66E006C69C3 /* PBXContainerItemProxy */;
		};
/* End PBXTargetDependency section */

/* Begin PBXVariantGroup section */
		1DAA061A189DC66E006C69C3 /* InfoPlist.strings */ = {
			isa = PBXVariantGroup;
			children = (
				1DAA061B189DC66E006C69C3 /* en */,
			);
			name = InfoPlist.strings;
			sourceTree = "<group>";
		};
		1DAA0623189DC66E006C69C3 /* Main_iPhone.storyboard */ = {
			isa = PBXVariantGroup;
			children = (
				1DAA0624189DC66E006C69C3 /* Base */,
			);
			name = Main_iPhone.storyboard;
			sourceTree = "<group>";
		};
		1DAA0626189DC66E006C69C3 /* Main_iPad.storyboard */ = {
			isa = PBXVariantGroup;
			children = (
				1DAA0627189DC66E006C69C3 /* Base */,
			);
			name = Main_iPad.storyboard;
			sourceTree = "<group>";
		};
		1DAA063C189DC66E006C69C3 /* InfoPlist.strings */ = {
			isa = PBXVariantGroup;
			children = (
				1DAA063D189DC66E006C69C3 /* en */,
			);
			name = InfoPlist.strings;
			sourceTree = "<group>";
		};
/* End PBXVariantGroup section */

/* Begin XCBuildConfiguration section */
		1DAA0641189DC66E006C69C3 /* Debug */ = {
			isa = XCBuildConfiguration;
			buildSettings = {
				ALWAYS_SEARCH_USER_PATHS = NO;
				ARCHS = "$(ARCHS_STANDARD_INCLUDING_64_BIT)";
				CLANG_CXX_LANGUAGE_STANDARD = "gnu++0x";
				CLANG_CXX_LIBRARY = "libc++";
				CLANG_ENABLE_MODULES = YES;
				CLANG_ENABLE_OBJC_ARC = YES;
				CLANG_WARN_BOOL_CONVERSION = YES;
				CLANG_WARN_CONSTANT_CONVERSION = YES;
				CLANG_WARN_DIRECT_OBJC_ISA_USAGE = YES_ERROR;
				CLANG_WARN_EMPTY_BODY = YES;
				CLANG_WARN_ENUM_CONVERSION = YES;
				CLANG_WARN_INT_CONVERSION = YES;
				CLANG_WARN_OBJC_ROOT_CLASS = YES_ERROR;
				CLANG_WARN__DUPLICATE_METHOD_MATCH = YES;
				"CODE_SIGN_IDENTITY[sdk=iphoneos*]" = "iPhone Developer";
				COPY_PHASE_STRIP = NO;
				GCC_C_LANGUAGE_STANDARD = gnu99;
				GCC_DYNAMIC_NO_PIC = NO;
				GCC_OPTIMIZATION_LEVEL = 0;
				GCC_PREPROCESSOR_DEFINITIONS = (
					"DEBUG=1",
					"$(inherited)",
				);
				GCC_SYMBOLS_PRIVATE_EXTERN = NO;
				GCC_WARN_64_TO_32_BIT_CONVERSION = YES;
				GCC_WARN_ABOUT_RETURN_TYPE = YES_ERROR;
				GCC_WARN_UNDECLARED_SELECTOR = YES;
				GCC_WARN_UNINITIALIZED_AUTOS = YES;
				GCC_WARN_UNUSED_FUNCTION = YES;
				GCC_WARN_UNUSED_VARIABLE = YES;
				IPHONEOS_DEPLOYMENT_TARGET = 7.0;
				ONLY_ACTIVE_ARCH = YES;
				SDKROOT = iphoneos;
				TARGETED_DEVICE_FAMILY = "1,2";
			};
			name = Debug;
		};
		1DAA0642189DC66E006C69C3 /* Release */ = {
			isa = XCBuildConfiguration;
			buildSettings = {
				ALWAYS_SEARCH_USER_PATHS = NO;
				ARCHS = "$(ARCHS_STANDARD_INCLUDING_64_BIT)";
				CLANG_CXX_LANGUAGE_STANDARD = "gnu++0x";
				CLANG_CXX_LIBRARY = "libc++";
				CLANG_ENABLE_MODULES = YES;
				CLANG_ENABLE_OBJC_ARC = YES;
				CLANG_WARN_BOOL_CONVERSION = YES;
				CLANG_WARN_CONSTANT_CONVERSION = YES;
				CLANG_WARN_DIRECT_OBJC_ISA_USAGE = YES_ERROR;
				CLANG_WARN_EMPTY_BODY = YES;
				CLANG_WARN_ENUM_CONVERSION = YES;
				CLANG_WARN_INT_CONVERSION = YES;
				CLANG_WARN_OBJC_ROOT_CLASS = YES_ERROR;
				CLANG_WARN__DUPLICATE_METHOD_MATCH = YES;
				"CODE_SIGN_IDENTITY[sdk=iphoneos*]" = "iPhone Developer";
				COPY_PHASE_STRIP = YES;
				ENABLE_NS_ASSERTIONS = NO;
				GCC_C_LANGUAGE_STANDARD = gnu99;
				GCC_WARN_64_TO_32_BIT_CONVERSION = YES;
				GCC_WARN_ABOUT_RETURN_TYPE = YES_ERROR;
				GCC_WARN_UNDECLARED_SELECTOR = YES;
				GCC_WARN_UNINITIALIZED_AUTOS = YES;
				GCC_WARN_UNUSED_FUNCTION = YES;
				GCC_WARN_UNUSED_VARIABLE = YES;
				IPHONEOS_DEPLOYMENT_TARGET = 7.0;
				SDKROOT = iphoneos;
				TARGETED_DEVICE_FAMILY = "1,2";
				VALIDATE_PRODUCT = YES;
			};
			name = Release;
		};
		1DAA0644189DC66E006C69C3 /* Debug */ = {
			isa = XCBuildConfiguration;
			baseConfigurationReference = 71DB4B3B8B40439E8DA28B20 /* Pods.xcconfig */;
			buildSettings = {
				ASSETCATALOG_COMPILER_APPICON_NAME = AppIcon;
				ASSETCATALOG_COMPILER_LAUNCHIMAGE_NAME = LaunchImage;
				GCC_PRECOMPILE_PREFIX_HEADER = YES;
				GCC_PREFIX_HEADER = "Demo/Demo-Prefix.pch";
				INFOPLIST_FILE = "Demo/Demo-Info.plist";
				PRODUCT_NAME = "$(TARGET_NAME)";
				WRAPPER_EXTENSION = app;
			};
			name = Debug;
		};
		1DAA0645189DC66E006C69C3 /* Release */ = {
			isa = XCBuildConfiguration;
			baseConfigurationReference = 71DB4B3B8B40439E8DA28B20 /* Pods.xcconfig */;
			buildSettings = {
				ASSETCATALOG_COMPILER_APPICON_NAME = AppIcon;
				ASSETCATALOG_COMPILER_LAUNCHIMAGE_NAME = LaunchImage;
				GCC_PRECOMPILE_PREFIX_HEADER = YES;
				GCC_PREFIX_HEADER = "Demo/Demo-Prefix.pch";
				INFOPLIST_FILE = "Demo/Demo-Info.plist";
				PRODUCT_NAME = "$(TARGET_NAME)";
				WRAPPER_EXTENSION = app;
			};
			name = Release;
		};
		1DAA0647189DC66E006C69C3 /* Debug */ = {
			isa = XCBuildConfiguration;
			baseConfigurationReference = 71DB4B3B8B40439E8DA28B20 /* Pods.xcconfig */;
			buildSettings = {
				ARCHS = "$(ARCHS_STANDARD_INCLUDING_64_BIT)";
				BUNDLE_LOADER = "$(BUILT_PRODUCTS_DIR)/Demo.app/Demo";
				FRAMEWORK_SEARCH_PATHS = (
					"$(SDKROOT)/Developer/Library/Frameworks",
					"$(inherited)",
					"$(DEVELOPER_FRAMEWORKS_DIR)",
				);
				GCC_PRECOMPILE_PREFIX_HEADER = YES;
				GCC_PREFIX_HEADER = "Demo/Demo-Prefix.pch";
				GCC_PREPROCESSOR_DEFINITIONS = (
					"DEBUG=1",
					"$(inherited)",
				);
				INFOPLIST_FILE = "DemoTests/DemoTests-Info.plist";
				PRODUCT_NAME = "$(TARGET_NAME)";
				TEST_HOST = "$(BUNDLE_LOADER)";
				WRAPPER_EXTENSION = xctest;
			};
			name = Debug;
		};
		1DAA0648189DC66E006C69C3 /* Release */ = {
			isa = XCBuildConfiguration;
			baseConfigurationReference = 71DB4B3B8B40439E8DA28B20 /* Pods.xcconfig */;
			buildSettings = {
				ARCHS = "$(ARCHS_STANDARD_INCLUDING_64_BIT)";
				BUNDLE_LOADER = "$(BUILT_PRODUCTS_DIR)/Demo.app/Demo";
				FRAMEWORK_SEARCH_PATHS = (
					"$(SDKROOT)/Developer/Library/Frameworks",
					"$(inherited)",
					"$(DEVELOPER_FRAMEWORKS_DIR)",
				);
				GCC_PRECOMPILE_PREFIX_HEADER = YES;
				GCC_PREFIX_HEADER = "Demo/Demo-Prefix.pch";
				INFOPLIST_FILE = "DemoTests/DemoTests-Info.plist";
				PRODUCT_NAME = "$(TARGET_NAME)";
				TEST_HOST = "$(BUNDLE_LOADER)";
				WRAPPER_EXTENSION = xctest;
			};
			name = Release;
		};
/* End XCBuildConfiguration section */

/* Begin XCConfigurationList section */
		1DAA0609189DC66E006C69C3 /* Build configuration list for PBXProject "Demo" */ = {
			isa = XCConfigurationList;
			buildConfigurations = (
				1DAA0641189DC66E006C69C3 /* Debug */,
				1DAA0642189DC66E006C69C3 /* Release */,
			);
			defaultConfigurationIsVisible = 0;
			defaultConfigurationName = Release;
		};
		1DAA0643189DC66E006C69C3 /* Build configuration list for PBXNativeTarget "Demo" */ = {
			isa = XCConfigurationList;
			buildConfigurations = (
				1DAA0644189DC66E006C69C3 /* Debug */,
				1DAA0645189DC66E006C69C3 /* Release */,
			);
			defaultConfigurationIsVisible = 0;
			defaultConfigurationName = Release;
		};
		1DAA0646189DC66E006C69C3 /* Build configuration list for PBXNativeTarget "DemoTests" */ = {
			isa = XCConfigurationList;
			buildConfigurations = (
				1DAA0647189DC66E006C69C3 /* Debug */,
				1DAA0648189DC66E006C69C3 /* Release */,
			);
			defaultConfigurationIsVisible = 0;
			defaultConfigurationName = Release;
		};
/* End XCConfigurationList section */
	};
	rootObject = 1DAA0606189DC66E006C69C3 /* Project object */;
}
