PODS:
  - HKToolKit (0.1.0):
    - HKToolKit/CGGeometry
    - HKToolKit/CGGeometryOperators
    - HKToolKit/HKModules
    - HKToolKit/HKPropertyListViewController
    - HKToolKit/HKSideView
    - HKToolKit/UIActionSheet
    - HKToolKit/UIAlertView
    - HKToolKit/UIControl
  - HKToolKit/CGGeometry (0.1.0)
  - HKToolKit/CGGeometryOperators (0.1.0)
  - HKToolKit/HKModules (0.1.0)
  - HKToolKit/HKPropertyListViewController (0.1.0)
  - HKToolKit/HKSideView (0.1.0)
  - HKToolKit/UIActionSheet (0.1.0)
  - HKToolKit/UIAlertView (0.1.0)
  - HKToolKit/UIControl (0.1.0)

DEPENDENCIES:
  - HKToolKit (from `../HKToolKit.podspec`)

EXTERNAL SOURCES:
  HKToolKit:
    :path: ../HKToolKit.podspec

SPEC CHECKSUMS:
  HKToolKit: 68665754157483ed07969652683d46bca4f06e87

COCOAPODS: 0.32.1
